// !$*UTF8*$!
{
	archiveVersion = 1;
	classes = {
	};
	objectVersion = 56;
	objects = {

/* Begin PBXBuildFile section */
		B3C05A8429C8DFEA007F24A8 /* AppDelegate.swift in Sources */ = {isa = PBXBuildFile; fileRef = B3C05A8329C8DFEA007F24A8 /* AppDelegate.swift */; };
		B3C05A8629C8DFEA007F24A8 /* SceneDelegate.swift in Sources */ = {isa = PBXBuildFile; fileRef = B3C05A8529C8DFEA007F24A8 /* SceneDelegate.swift */; };
		B3C05A8829C8DFEA007F24A8 /* MainViewController.swift in Sources */ = {isa = PBXBuildFile; fileRef = B3C05A8729C8DFEA007F24A8 /* MainViewController.swift */; };
		B3C05A8B29C8DFEA007F24A8 /* Main.storyboard in Resources */ = {isa = PBXBuildFile; fileRef = B3C05A8929C8DFEA007F24A8 /* Main.storyboard */; };
		B3C05A8D29C8DFEB007F24A8 /* Assets.xcassets in Resources */ = {isa = PBXBuildFile; fileRef = B3C05A8C29C8DFEB007F24A8 /* Assets.xcassets */; };
		B3C05A9029C8DFEB007F24A8 /* LaunchScreen.storyboard in Resources */ = {isa = PBXBuildFile; fileRef = B3C05A8E29C8DFEB007F24A8 /* LaunchScreen.storyboard */; };
		B3C05A9B29C8E0AA007F24A8 /* Bird.swift in Sources */ = {isa = PBXBuildFile; fileRef = B3C05A9A29C8E0AA007F24A8 /* Bird.swift */; };
		B3C05AA429CCBE33007F24A8 /* NetworkManager.swift in Sources */ = {isa = PBXBuildFile; fileRef = B3C05AA329CCBE33007F24A8 /* NetworkManager.swift */; };
		B3C05AA829CCD4EF007F24A8 /* BirdsListTableViewController.swift in Sources */ = {isa = PBXBuildFile; fileRef = B3C05AA729CCD4EF007F24A8 /* BirdsListTableViewController.swift */; };
		B3C05AAA29CCD520007F24A8 /* BirdInfoViewController.swift in Sources */ = {isa = PBXBuildFile; fileRef = B3C05AA929CCD520007F24A8 /* BirdInfoViewController.swift */; };
/* End PBXBuildFile section */

/* Begin PBXFileReference section */
		B3C05A8029C8DFEA007F24A8 /* HW_Lesson3.2_Grossman.app */ = {isa = PBXFileReference; explicitFileType = wrapper.application; includeInIndex = 0; path = HW_Lesson3.2_Grossman.app; sourceTree = BUILT_PRODUCTS_DIR; };
		B3C05A8329C8DFEA007F24A8 /* AppDelegate.swift */ = {isa = PBXFileReference; lastKnownFileType = sourcecode.swift; path = AppDelegate.swift; sourceTree = "<group>"; };
		B3C05A8529C8DFEA007F24A8 /* SceneDelegate.swift */ = {isa = PBXFileReference; lastKnownFileType = sourcecode.swift; path = SceneDelegate.swift; sourceTree = "<group>"; };
		B3C05A8729C8DFEA007F24A8 /* MainViewController.swift */ = {isa = PBXFileReference; lastKnownFileType = sourcecode.swift; path = MainViewController.swift; sourceTree = "<group>"; };
		B3C05A8A29C8DFEA007F24A8 /* Base */ = {isa = PBXFileReference; lastKnownFileType = file.storyboard; name = Base; path = Base.lproj/Main.storyboard; sourceTree = "<group>"; };
		B3C05A8C29C8DFEB007F24A8 /* Assets.xcassets */ = {isa = PBXFileReference; lastKnownFileType = folder.assetcatalog; path = Assets.xcassets; sourceTree = "<group>"; };
		B3C05A8F29C8DFEB007F24A8 /* Base */ = {isa = PBXFileReference; lastKnownFileType = file.storyboard; name = Base; path = Base.lproj/LaunchScreen.storyboard; sourceTree = "<group>"; };
		B3C05A9129C8DFEB007F24A8 /* Info.plist */ = {isa = PBXFileReference; lastKnownFileType = text.plist.xml; path = Info.plist; sourceTree = "<group>"; };
		B3C05A9A29C8E0AA007F24A8 /* Bird.swift */ = {isa = PBXFileReference; lastKnownFileType = sourcecode.swift; path = Bird.swift; sourceTree = "<group>"; };
		B3C05AA329CCBE33007F24A8 /* NetworkManager.swift */ = {isa = PBXFileReference; lastKnownFileType = sourcecode.swift; path = NetworkManager.swift; sourceTree = "<group>"; };
		B3C05AA729CCD4EF007F24A8 /* BirdsListTableViewController.swift */ = {isa = PBXFileReference; lastKnownFileType = sourcecode.swift; path = BirdsListTableViewController.swift; sourceTree = "<group>"; };
		B3C05AA929CCD520007F24A8 /* BirdInfoViewController.swift */ = {isa = PBXFileReference; lastKnownFileType = sourcecode.swift; path = BirdInfoViewController.swift; sourceTree = "<group>"; };
/* End PBXFileReference section */

/* Begin PBXFrameworksBuildPhase section */
		B3C05A7D29C8DFEA007F24A8 /* Frameworks */ = {
			isa = PBXFrameworksBuildPhase;
			buildActionMask = 2147483647;
			files = (
			);
			runOnlyForDeploymentPostprocessing = 0;
		};
/* End PBXFrameworksBuildPhase section */

/* Begin PBXGroup section */
		B3C05A7729C8DFEA007F24A8 = {
			isa = PBXGroup;
			children = (
				B3C05A8229C8DFEA007F24A8 /* HW_Lesson3.2_Grossman */,
				B3C05A8129C8DFEA007F24A8 /* Products */,
			);
			sourceTree = "<group>";
		};
		B3C05A8129C8DFEA007F24A8 /* Products */ = {
			isa = PBXGroup;
			children = (
				B3C05A8029C8DFEA007F24A8 /* HW_Lesson3.2_Grossman.app */,
			);
			name = Products;
			sourceTree = "<group>";
		};
		B3C05A8229C8DFEA007F24A8 /* HW_Lesson3.2_Grossman */ = {
			isa = PBXGroup;
			children = (
				B3C05AA229CCBE1C007F24A8 /* Services */,
				B3C05A9C29C8E0BC007F24A8 /* Models */,
				B3C05A9729C8E007007F24A8 /* App */,
				B3C05A9D29C8E0D4007F24A8 /* ViewControllers */,
				B3C05A9929C8E034007F24A8 /* Resources */,
				B3C05A9829C8E021007F24A8 /* Storyboards */,
			);
			path = HW_Lesson3.2_Grossman;
			sourceTree = "<group>";
		};
		B3C05A9729C8E007007F24A8 /* App */ = {
			isa = PBXGroup;
			children = (
				B3C05A8329C8DFEA007F24A8 /* AppDelegate.swift */,
				B3C05A9129C8DFEB007F24A8 /* Info.plist */,
				B3C05A8529C8DFEA007F24A8 /* SceneDelegate.swift */,
			);
			path = App;
			sourceTree = "<group>";
		};
		B3C05A9829C8E021007F24A8 /* Storyboards */ = {
			isa = PBXGroup;
			children = (
				B3C05A8929C8DFEA007F24A8 /* Main.storyboard */,
				B3C05A8E29C8DFEB007F24A8 /* LaunchScreen.storyboard */,
			);
			path = Storyboards;
			sourceTree = "<group>";
		};
		B3C05A9929C8E034007F24A8 /* Resources */ = {
			isa = PBXGroup;
			children = (
				B3C05A8C29C8DFEB007F24A8 /* Assets.xcassets */,
			);
			path = Resources;
			sourceTree = "<group>";
		};
		B3C05A9C29C8E0BC007F24A8 /* Models */ = {
			isa = PBXGroup;
			children = (
				B3C05A9A29C8E0AA007F24A8 /* Bird.swift */,
			);
			path = Models;
			sourceTree = "<group>";
		};
		B3C05A9D29C8E0D4007F24A8 /* ViewControllers */ = {
			isa = PBXGroup;
			children = (
				B3C05A8729C8DFEA007F24A8 /* MainViewController.swift */,
				B3C05AA729CCD4EF007F24A8 /* BirdsListTableViewController.swift */,
				B3C05AA929CCD520007F24A8 /* BirdInfoViewController.swift */,
			);
			path = ViewControllers;
			sourceTree = "<group>";
		};
		B3C05AA229CCBE1C007F24A8 /* Services */ = {
			isa = PBXGroup;
			children = (
				B3C05AA329CCBE33007F24A8 /* NetworkManager.swift */,
			);
			path = Services;
			sourceTree = "<group>";
		};
/* End PBXGroup section */

/* Begin PBXNativeTarget section */
		B3C05A7F29C8DFEA007F24A8 /* HW_Lesson3.2_Grossman */ = {
			isa = PBXNativeTarget;
			buildConfigurationList = B3C05A9429C8DFEB007F24A8 /* Build configuration list for PBXNativeTarget "HW_Lesson3.2_Grossman" */;
			buildPhases = (
				B3C05A7C29C8DFEA007F24A8 /* Sources */,
				B3C05A7D29C8DFEA007F24A8 /* Frameworks */,
				B3C05A7E29C8DFEA007F24A8 /* Resources */,
			);
			buildRules = (
			);
			dependencies = (
			);
			name = HW_Lesson3.2_Grossman;
			productName = HW_Lesson3.2_Grossman;
			productReference = B3C05A8029C8DFEA007F24A8 /* HW_Lesson3.2_Grossman.app */;
			productType = "com.apple.product-type.application";
		};
/* End PBXNativeTarget section */

/* Begin PBXProject section */
		B3C05A7829C8DFEA007F24A8 /* Project object */ = {
			isa = PBXProject;
			attributes = {
				BuildIndependentTargetsInParallel = 1;
				LastSwiftUpdateCheck = 1420;
				LastUpgradeCheck = 1420;
				TargetAttributes = {
					B3C05A7F29C8DFEA007F24A8 = {
						CreatedOnToolsVersion = 14.2;
					};
				};
			};
			buildConfigurationList = B3C05A7B29C8DFEA007F24A8 /* Build configuration list for PBXProject "HW_Lesson3.2_Grossman" */;
			compatibilityVersion = "Xcode 14.0";
			developmentRegion = en;
			hasScannedForEncodings = 0;
			knownRegions = (
				en,
				Base,
			);
			mainGroup = B3C05A7729C8DFEA007F24A8;
			productRefGroup = B3C05A8129C8DFEA007F24A8 /* Products */;
			projectDirPath = "";
			projectRoot = "";
			targets = (
				B3C05A7F29C8DFEA007F24A8 /* HW_Lesson3.2_Grossman */,
			);
		};
/* End PBXProject section */

/* Begin PBXResourcesBuildPhase section */
		B3C05A7E29C8DFEA007F24A8 /* Resources */ = {
			isa = PBXResourcesBuildPhase;
			buildActionMask = 2147483647;
			files = (
				B3C05A9029C8DFEB007F24A8 /* LaunchScreen.storyboard in Resources */,
				B3C05A8D29C8DFEB007F24A8 /* Assets.xcassets in Resources */,
				B3C05A8B29C8DFEA007F24A8 /* Main.storyboard in Resources */,
			);
			runOnlyForDeploymentPostprocessing = 0;
		};
/* End PBXResourcesBuildPhase section */

/* Begin PBXSourcesBuildPhase section */
		B3C05A7C29C8DFEA007F24A8 /* Sources */ = {
			isa = PBXSourcesBuildPhase;
			buildActionMask = 2147483647;
			files = (
				B3C05A8829C8DFEA007F24A8 /* MainViewController.swift in Sources */,
				B3C05AA429CCBE33007F24A8 /* NetworkManager.swift in Sources */,
				B3C05AAA29CCD520007F24A8 /* BirdInfoViewController.swift in Sources */,
				B3C05A8429C8DFEA007F24A8 /* AppDelegate.swift in Sources */,
				B3C05AA829CCD4EF007F24A8 /* BirdsListTableViewController.swift in Sources */,
				B3C05A9B29C8E0AA007F24A8 /* Bird.swift in Sources */,
				B3C05A8629C8DFEA007F24A8 /* SceneDelegate.swift in Sources */,
			);
			runOnlyForDeploymentPostprocessing = 0;
		};
/* End PBXSourcesBuildPhase section */

/* Begin PBXVariantGroup section */
		B3C05A8929C8DFEA007F24A8 /* Main.storyboard */ = {
			isa = PBXVariantGroup;
			children = (
				B3C05A8A29C8DFEA007F24A8 /* Base */,
			);
			name = Main.storyboard;
			sourceTree = "<group>";
		};
		B3C05A8E29C8DFEB007F24A8 /* LaunchScreen.storyboard */ = {
			isa = PBXVariantGroup;
			children = (
				B3C05A8F29C8DFEB007F24A8 /* Base */,
			);
			name = LaunchScreen.storyboard;
			sourceTree = "<group>";
		};
/* End PBXVariantGroup section */

/* Begin XCBuildConfiguration section */
		B3C05A9229C8DFEB007F24A8 /* Debug */ = {
			isa = XCBuildConfiguration;
			buildSettings = {
				ALWAYS_SEARCH_USER_PATHS = NO;
				CLANG_ANALYZER_NONNULL = YES;
				CLANG_ANALYZER_NUMBER_OBJECT_CONVERSION = YES_AGGRESSIVE;
				CLANG_CXX_LANGUAGE_STANDARD = "gnu++20";
				CLANG_ENABLE_MODULES = YES;
				CLANG_ENABLE_OBJC_ARC = YES;
				CLANG_ENABLE_OBJC_WEAK = YES;
				CLANG_WARN_BLOCK_CAPTURE_AUTORELEASING = YES;
				CLANG_WARN_BOOL_CONVERSION = YES;
				CLANG_WARN_COMMA = YES;
				CLANG_WARN_CONSTANT_CONVERSION = YES;
				CLANG_WARN_DEPRECATED_OBJC_IMPLEMENTATIONS = YES;
				CLANG_WARN_DIRECT_OBJC_ISA_USAGE = YES_ERROR;
				CLANG_WARN_DOCUMENTATION_COMMENTS = YES;
				CLANG_WARN_EMPTY_BODY = YES;
				CLANG_WARN_ENUM_CONVERSION = YES;
				CLANG_WARN_INFINITE_RECURSION = YES;
				CLANG_WARN_INT_CONVERSION = YES;
				CLANG_WARN_NON_LITERAL_NULL_CONVERSION = YES;
				CLANG_WARN_OBJC_IMPLICIT_RETAIN_SELF = YES;
				CLANG_WARN_OBJC_LITERAL_CONVERSION = YES;
				CLANG_WARN_OBJC_ROOT_CLASS = YES_ERROR;
				CLANG_WARN_QUOTED_INCLUDE_IN_FRAMEWORK_HEADER = YES;
				CLANG_WARN_RANGE_LOOP_ANALYSIS = YES;
				CLANG_WARN_STRICT_PROTOTYPES = YES;
				CLANG_WARN_SUSPICIOUS_MOVE = YES;
				CLANG_WARN_UNGUARDED_AVAILABILITY = YES_AGGRESSIVE;
				CLANG_WARN_UNREACHABLE_CODE = YES;
				CLANG_WARN__DUPLICATE_METHOD_MATCH = YES;
				COPY_PHASE_STRIP = NO;
				DEBUG_INFORMATION_FORMAT = dwarf;
				ENABLE_STRICT_OBJC_MSGSEND = YES;
				ENABLE_TESTABILITY = YES;
				GCC_C_LANGUAGE_STANDARD = gnu11;
				GCC_DYNAMIC_NO_PIC = NO;
				GCC_NO_COMMON_BLOCKS = YES;
				GCC_OPTIMIZATION_LEVEL = 0;
				GCC_PREPROCESSOR_DEFINITIONS = (
					"DEBUG=1",
					"$(inherited)",
				);
				GCC_WARN_64_TO_32_BIT_CONVERSION = YES;
				GCC_WARN_ABOUT_RETURN_TYPE = YES_ERROR;
				GCC_WARN_UNDECLARED_SELECTOR = YES;
				GCC_WARN_UNINITIALIZED_AUTOS = YES_AGGRESSIVE;
				GCC_WARN_UNUSED_FUNCTION = YES;
				GCC_WARN_UNUSED_VARIABLE = YES;
				IPHONEOS_DEPLOYMENT_TARGET = 16.2;
				MTL_ENABLE_DEBUG_INFO = INCLUDE_SOURCE;
				MTL_FAST_MATH = YES;
				ONLY_ACTIVE_ARCH = YES;
				SDKROOT = iphoneos;
				SWIFT_ACTIVE_COMPILATION_CONDITIONS = DEBUG;
				SWIFT_OPTIMIZATION_LEVEL = "-Onone";
			};
			name = Debug;
		};
		B3C05A9329C8DFEB007F24A8 /* Release */ = {
			isa = XCBuildConfiguration;
			buildSettings = {
				ALWAYS_SEARCH_USER_PATHS = NO;
				CLANG_ANALYZER_NONNULL = YES;
				CLANG_ANALYZER_NUMBER_OBJECT_CONVERSION = YES_AGGRESSIVE;
				CLANG_CXX_LANGUAGE_STANDARD = "gnu++20";
				CLANG_ENABLE_MODULES = YES;
				CLANG_ENABLE_OBJC_ARC = YES;
				CLANG_ENABLE_OBJC_WEAK = YES;
				CLANG_WARN_BLOCK_CAPTURE_AUTORELEASING = YES;
				CLANG_WARN_BOOL_CONVERSION = YES;
				CLANG_WARN_COMMA = YES;
				CLANG_WARN_CONSTANT_CONVERSION = YES;
				CLANG_WARN_DEPRECATED_OBJC_IMPLEMENTATIONS = YES;
				CLANG_WARN_DIRECT_OBJC_ISA_USAGE = YES_ERROR;
				CLANG_WARN_DOCUMENTATION_COMMENTS = YES;
				CLANG_WARN_EMPTY_BODY = YES;
				CLANG_WARN_ENUM_CONVERSION = YES;
				CLANG_WARN_INFINITE_RECURSION = YES;
				CLANG_WARN_INT_CONVERSION = YES;
				CLANG_WARN_NON_LITERAL_NULL_CONVERSION = YES;
				CLANG_WARN_OBJC_IMPLICIT_RETAIN_SELF = YES;
				CLANG_WARN_OBJC_LITERAL_CONVERSION = YES;
				CLANG_WARN_OBJC_ROOT_CLASS = YES_ERROR;
				CLANG_WARN_QUOTED_INCLUDE_IN_FRAMEWORK_HEADER = YES;
				CLANG_WARN_RANGE_LOOP_ANALYSIS = YES;
				CLANG_WARN_STRICT_PROTOTYPES = YES;
				CLANG_WARN_SUSPICIOUS_MOVE = YES;
				CLANG_WARN_UNGUARDED_AVAILABILITY = YES_AGGRESSIVE;
				CLANG_WARN_UNREACHABLE_CODE = YES;
				CLANG_WARN__DUPLICATE_METHOD_MATCH = YES;
				COPY_PHASE_STRIP = NO;
				DEBUG_INFORMATION_FORMAT = "dwarf-with-dsym";
				ENABLE_NS_ASSERTIONS = NO;
				ENABLE_STRICT_OBJC_MSGSEND = YES;
				GCC_C_LANGUAGE_STANDARD = gnu11;
				GCC_NO_COMMON_BLOCKS = YES;
				GCC_WARN_64_TO_32_BIT_CONVERSION = YES;
				GCC_WARN_ABOUT_RETURN_TYPE = YES_ERROR;
				GCC_WARN_UNDECLARED_SELECTOR = YES;
				GCC_WARN_UNINITIALIZED_AUTOS = YES_AGGRESSIVE;
				GCC_WARN_UNUSED_FUNCTION = YES;
				GCC_WARN_UNUSED_VARIABLE = YES;
				IPHONEOS_DEPLOYMENT_TARGET = 16.2;
				MTL_ENABLE_DEBUG_INFO = NO;
				MTL_FAST_MATH = YES;
				SDKROOT = iphoneos;
				SWIFT_COMPILATION_MODE = wholemodule;
				SWIFT_OPTIMIZATION_LEVEL = "-O";
				VALIDATE_PRODUCT = YES;
			};
			name = Release;
		};
		B3C05A9529C8DFEB007F24A8 /* Debug */ = {
			isa = XCBuildConfiguration;
			buildSettings = {
				ASSETCATALOG_COMPILER_APPICON_NAME = AppIcon;
				ASSETCATALOG_COMPILER_GLOBAL_ACCENT_COLOR_NAME = AccentColor;
				CODE_SIGN_STYLE = Automatic;
				CURRENT_PROJECT_VERSION = 1;
				DEVELOPMENT_TEAM = PJMX9LFVDP;
				GENERATE_INFOPLIST_FILE = YES;
				INFOPLIST_FILE = HW_Lesson3.2_Grossman/App/Info.plist;
				INFOPLIST_KEY_UIApplicationSupportsIndirectInputEvents = YES;
				INFOPLIST_KEY_UILaunchStoryboardName = LaunchScreen;
				INFOPLIST_KEY_UIMainStoryboardFile = Main;
				INFOPLIST_KEY_UISupportedInterfaceOrientations_iPad = "UIInterfaceOrientationPortrait UIInterfaceOrientationPortraitUpsideDown UIInterfaceOrientationLandscapeLeft UIInterfaceOrientationLandscapeRight";
				INFOPLIST_KEY_UISupportedInterfaceOrientations_iPhone = "UIInterfaceOrientationPortrait UIInterfaceOrientationLandscapeLeft UIInterfaceOrientationLandscapeRight";
				IPHONEOS_DEPLOYMENT_TARGET = 16.0;
				LD_RUNPATH_SEARCH_PATHS = (
					"$(inherited)",
					"@executable_path/Frameworks",
				);
				MARKETING_VERSION = 1.0;
				PRODUCT_BUNDLE_IDENTIFIER = "ru.swiftbook.HW-Lesson3-2-Grossman";
				PRODUCT_NAME = "$(TARGET_NAME)";
				SUPPORTED_PLATFORMS = "iphoneos iphonesimulator";
				SUPPORTS_MACCATALYST = NO;
				SUPPORTS_MAC_DESIGNED_FOR_IPHONE_IPAD = NO;
				SWIFT_EMIT_LOC_STRINGS = YES;
				SWIFT_VERSION = 5.0;
				TARGETED_DEVICE_FAMILY = 1;
			};
			name = Debug;
		};
		B3C05A9629C8DFEB007F24A8 /* Release */ = {
			isa = XCBuildConfiguration;
			buildSettings = {
				ASSETCATALOG_COMPILER_APPICON_NAME = AppIcon;
				ASSETCATALOG_COMPILER_GLOBAL_ACCENT_COLOR_NAME = AccentColor;
				CODE_SIGN_STYLE = Automatic;
				CURRENT_PROJECT_VERSION = 1;
				DEVELOPMENT_TEAM = PJMX9LFVDP;
				GENERATE_INFOPLIST_FILE = YES;
				INFOPLIST_FILE = HW_Lesson3.2_Grossman/App/Info.plist;
				INFOPLIST_KEY_UIApplicationSupportsIndirectInputEvents = YES;
				INFOPLIST_KEY_UILaunchStoryboardName = LaunchScreen;
				INFOPLIST_KEY_UIMainStoryboardFile = Main;
				INFOPLIST_KEY_UISupportedInterfaceOrientations_iPad = "UIInterfaceOrientationPortrait UIInterfaceOrientationPortraitUpsideDown UIInterfaceOrientationLandscapeLeft UIInterfaceOrientationLandscapeRight";
				INFOPLIST_KEY_UISupportedInterfaceOrientations_iPhone = "UIInterfaceOrientationPortrait UIInterfaceOrientationLandscapeLeft UIInterfaceOrientationLandscapeRight";
				IPHONEOS_DEPLOYMENT_TARGET = 16.0;
				LD_RUNPATH_SEARCH_PATHS = (
					"$(inherited)",
					"@executable_path/Frameworks",
				);
				MARKETING_VERSION = 1.0;
				PRODUCT_BUNDLE_IDENTIFIER = "ru.swiftbook.HW-Lesson3-2-Grossman";
				PRODUCT_NAME = "$(TARGET_NAME)";
				SUPPORTED_PLATFORMS = "iphoneos iphonesimulator";
				SUPPORTS_MACCATALYST = NO;
				SUPPORTS_MAC_DESIGNED_FOR_IPHONE_IPAD = NO;
				SWIFT_EMIT_LOC_STRINGS = YES;
				SWIFT_VERSION = 5.0;
				TARGETED_DEVICE_FAMILY = 1;
			};
			name = Release;
		};
/* End XCBuildConfiguration section */

/* Begin XCConfigurationList section */
		B3C05A7B29C8DFEA007F24A8 /* Build configuration list for PBXProject "HW_Lesson3.2_Grossman" */ = {
			isa = XCConfigurationList;
			buildConfigurations = (
				B3C05A9229C8DFEB007F24A8 /* Debug */,
				B3C05A9329C8DFEB007F24A8 /* Release */,
			);
			defaultConfigurationIsVisible = 0;
			defaultConfigurationName = Release;
		};
		B3C05A9429C8DFEB007F24A8 /* Build configuration list for PBXNativeTarget "HW_Lesson3.2_Grossman" */ = {
			isa = XCConfigurationList;
			buildConfigurations = (
				B3C05A9529C8DFEB007F24A8 /* Debug */,
				B3C05A9629C8DFEB007F24A8 /* Release */,
			);
			defaultConfigurationIsVisible = 0;
			defaultConfigurationName = Release;
		};
/* End XCConfigurationList section */
	};
	rootObject = B3C05A7829C8DFEA007F24A8 /* Project object */;
}
